# generated by rye
# use `rye lock` or `rye sync` to update this lockfile
#
# last locked with the following flags:
#   pre: false
#   features: []
#   all-features: false
#   with-sources: false
#   generate-hashes: false
#   universal: false

-e file:.
detect==2020.12.3
    # via dotfiles
distro==1.9.0
    # via xonsh
invoke==2.2.0
    # via dotfiles
prompt-toolkit==3.0.47
    # via xonsh
pygments==2.18.0
    # via xonsh
pyperclip==1.9.0
    # via xonsh
pyyaml==6.0.1
    # via dotfiles
types-pyyaml==6.0.12.20240724
    # via dotfiles
ujson==5.10.0
    # via xonsh
wcwidth==0.2.13
    # via prompt-toolkit
xonsh==0.17.0
    # via dotfiles
